
Microsoft Visual Studio Solution File, Format Version 12.00
# Visual Studio 15
VisualStudioVersion = 15.0.26228.9
MinimumVisualStudioVersion = 10.0.40219.1
Project("{9A19103F-16F7-4668-BE54-9A1E7A4F7556}") = "Colegio.Application", "src\Colegio.Application\Colegio.Application.csproj", "{C8168BCF-77AC-47FC-BFF2-383A3DD93406}"
EndProject
Project("{9A19103F-16F7-4668-BE54-9A1E7A4F7556}") = "Colegio.Core", "src\Colegio.Core\Colegio.Core.csproj", "{7A83E983-B233-4CF9-A89E-C85F411BCDD3}"
EndProject
Project("{9A19103F-16F7-4668-BE54-9A1E7A4F7556}") = "Colegio.EntityFrameworkCore", "src\Colegio.EntityFrameworkCore\Colegio.EntityFrameworkCore.csproj", "{D1EE62FA-FB9D-40C2-80DD-9463173E9493}"
EndProject
Project("{9A19103F-16F7-4668-BE54-9A1E7A4F7556}") = "Colegio.Migrator", "src\Colegio.Migrator\Colegio.Migrator.csproj", "{1AB6C196-443E-4FCE-80AF-D9ACEF3433EC}"
EndProject
Project("{9A19103F-16F7-4668-BE54-9A1E7A4F7556}") = "Colegio.Web.Core", "src\Colegio.Web.Core\Colegio.Web.Core.csproj", "{D7F6A05A-D93E-4FD7-A6E6-39596CDD6A55}"
EndProject
Project("{9A19103F-16F7-4668-BE54-9A1E7A4F7556}") = "Colegio.Web.Host", "src\Colegio.Web.Host\Colegio.Web.Host.csproj", "{6A164AE1-F5A3-4448-B1FE-411B4CBC303B}"
EndProject
Global
	GlobalSection(SolutionConfigurationPlatforms) = preSolution
		Debug|Any CPU = Debug|Any CPU
		Release|Any CPU = Release|Any CPU
	EndGlobalSection
	GlobalSection(ProjectConfigurationPlatforms) = postSolution
		{C8168BCF-77AC-47FC-BFF2-383A3DD93406}.Debug|Any CPU.ActiveCfg = Debug|Any CPU
		{C8168BCF-77AC-47FC-BFF2-383A3DD93406}.Debug|Any CPU.Build.0 = Debug|Any CPU
		{C8168BCF-77AC-47FC-BFF2-383A3DD93406}.Release|Any CPU.ActiveCfg = Release|Any CPU
		{C8168BCF-77AC-47FC-BFF2-383A3DD93406}.Release|Any CPU.Build.0 = Release|Any CPU
		{7A83E983-B233-4CF9-A89E-C85F411BCDD3}.Debug|Any CPU.ActiveCfg = Debug|Any CPU
		{7A83E983-B233-4CF9-A89E-C85F411BCDD3}.Debug|Any CPU.Build.0 = Debug|Any CPU
		{7A83E983-B233-4CF9-A89E-C85F411BCDD3}.Release|Any CPU.ActiveCfg = Release|Any CPU
		{7A83E983-B233-4CF9-A89E-C85F411BCDD3}.Release|Any CPU.Build.0 = Release|Any CPU
		{D1EE62FA-FB9D-40C2-80DD-9463173E9493}.Debug|Any CPU.ActiveCfg = Debug|Any CPU
		{D1EE62FA-FB9D-40C2-80DD-9463173E9493}.Debug|Any CPU.Build.0 = Debug|Any CPU
		{D1EE62FA-FB9D-40C2-80DD-9463173E9493}.Release|Any CPU.ActiveCfg = Release|Any CPU
		{D1EE62FA-FB9D-40C2-80DD-9463173E9493}.Release|Any CPU.Build.0 = Release|Any CPU
		{1AB6C196-443E-4FCE-80AF-D9ACEF3433EC}.Debug|Any CPU.ActiveCfg = Debug|Any CPU
		{1AB6C196-443E-4FCE-80AF-D9ACEF3433EC}.Debug|Any CPU.Build.0 = Debug|Any CPU
		{1AB6C196-443E-4FCE-80AF-D9ACEF3433EC}.Release|Any CPU.ActiveCfg = Release|Any CPU
		{1AB6C196-443E-4FCE-80AF-D9ACEF3433EC}.Release|Any CPU.Build.0 = Release|Any CPU
		{D7F6A05A-D93E-4FD7-A6E6-39596CDD6A55}.Debug|Any CPU.ActiveCfg = Debug|Any CPU
		{D7F6A05A-D93E-4FD7-A6E6-39596CDD6A55}.Debug|Any CPU.Build.0 = Debug|Any CPU
		{D7F6A05A-D93E-4FD7-A6E6-39596CDD6A55}.Release|Any CPU.ActiveCfg = Release|Any CPU
		{D7F6A05A-D93E-4FD7-A6E6-39596CDD6A55}.Release|Any CPU.Build.0 = Release|Any CPU
		{6A164AE1-F5A3-4448-B1FE-411B4CBC303B}.Debug|Any CPU.ActiveCfg = Debug|Any CPU
		{6A164AE1-F5A3-4448-B1FE-411B4CBC303B}.Debug|Any CPU.Build.0 = Debug|Any CPU
		{6A164AE1-F5A3-4448-B1FE-411B4CBC303B}.Release|Any CPU.ActiveCfg = Release|Any CPU
		{6A164AE1-F5A3-4448-B1FE-411B4CBC303B}.Release|Any CPU.Build.0 = Release|Any CPU
	EndGlobalSection
	GlobalSection(SolutionProperties) = preSolution
		HideSolutionNode = FALSE
	EndGlobalSection
	GlobalSection(ExtensibilityGlobals) = postSolution
		SolutionGuid = {A6846467-EAED-434B-A636-E85779E45476}
	EndGlobalSection
EndGlobal
